PODS:
  - AppCheckCore (11.2.0):
    - GoogleUtilities/Environment (~> 8.0)
    - GoogleUtilities/UserDefaults (~> 8.0)
    - PromisesObjC (~> 2.4)
  - ComposeApp (1.0.0):
    - FirebaseAuth
    - FirebaseCore
  - FirebaseAppCheck (12.7.0):
    - AppCheckCore (~> 11.0)
    - FirebaseAppCheckInterop (~> 12.7.0)
    - FirebaseCore (~> 12.7.0)
    - GoogleUtilities/Environment (~> 8.1)
    - GoogleUtilities/UserDefaults (~> 8.1)
  - FirebaseAppCheckInterop (12.7.0)
  - FirebaseAuth (12.7.0):
    - FirebaseAppCheckInterop (~> 12.7.0)
    - FirebaseAuthInterop (~> 12.7.0)
    - FirebaseCore (~> 12.7.0)
    - FirebaseCoreExtension (~> 12.7.0)
    - GoogleUtilities/AppDelegateSwizzler (~> 8.1)
    - GoogleUtilities/Environment (~> 8.1)
    - GTMSessionFetcher/Core (< 6.0, >= 3.4)
    - RecaptchaInterop (~> 101.0)
  - FirebaseAuthInterop (12.7.0)
  - FirebaseCore (12.7.0):
    - FirebaseCoreInternal (~> 12.7.0)
    - GoogleUtilities/Environment (~> 8.1)
    - GoogleUtilities/Logger (~> 8.1)
  - FirebaseCoreExtension (12.7.0):
    - FirebaseCore (~> 12.7.0)
  - FirebaseCoreInternal (12.7.0):
    - "GoogleUtilities/NSData+zlib (~> 8.1)"
  - GoogleUtilities/AppDelegateSwizzler (8.1.0):
    - GoogleUtilities/Environment
    - GoogleUtilities/Logger
    - GoogleUtilities/Network
    - GoogleUtilities/Privacy
  - GoogleUtilities/Environment (8.1.0):
    - GoogleUtilities/Privacy
  - GoogleUtilities/Logger (8.1.0):
    - GoogleUtilities/Environment
    - GoogleUtilities/Privacy
  - GoogleUtilities/Network (8.1.0):
    - GoogleUtilities/Logger
    - "GoogleUtilities/NSData+zlib"
    - GoogleUtilities/Privacy
    - GoogleUtilities/Reachability
  - "GoogleUtilities/NSData+zlib (8.1.0)":
    - GoogleUtilities/Privacy
  - GoogleUtilities/Privacy (8.1.0)
  - GoogleUtilities/Reachability (8.1.0):
    - GoogleUtilities/Logger
    - GoogleUtilities/Privacy
  - GoogleUtilities/UserDefaults (8.1.0):
    - GoogleUtilities/Logger
    - GoogleUtilities/Privacy
  - GTMSessionFetcher/Core (5.0.0)
  - PromisesObjC (2.4.0)
  - RecaptchaInterop (101.0.0)

DEPENDENCIES:
  - ComposeApp (from `../composeApp`)
  - FirebaseAppCheck

SPEC REPOS:
  trunk:
    - AppCheckCore
    - FirebaseAppCheck
    - FirebaseAppCheckInterop
    - FirebaseAuth
    - FirebaseAuthInterop
    - FirebaseCore
    - FirebaseCoreExtension
    - FirebaseCoreInternal
    - GoogleUtilities
    - GTMSessionFetcher
    - PromisesObjC
    - RecaptchaInterop

EXTERNAL SOURCES:
  ComposeApp:
    :path: "../composeApp"

SPEC CHECKSUMS:
  AppCheckCore: cc8fd0a3a230ddd401f326489c99990b013f0c4f
  ComposeApp: 5b8e0fd09b4ea1e0a15cef7da2d8a123f57bf4d3
  FirebaseAppCheck: ca32814649d879d81589ac925ef1c3f833f8453f
  FirebaseAppCheckInterop: d58366471f1dadf2ed998b15f85c658458a10142
  FirebaseAuth: 88beaef7c688a2950541552b6dd195d22137c41a
  FirebaseAuthInterop: deb2638881b5d98c88c4371dd0de65b6110f217b
  FirebaseCore: c7b57863ce0859281a66d16ca36d665c45d332b5
  FirebaseCoreExtension: 731a5744970bcd73ad95ab2a2b8a1f46353e86dd
  FirebaseCoreInternal: 571a2dd8c975410966199623351db3a3265c874d
  GoogleUtilities: 00c88b9a86066ef77f0da2fab05f65d7768ed8e1
  GTMSessionFetcher: 02d6e866e90bc236f48a703a041dfe43e6221a29
  PromisesObjC: f5707f49cb48b9636751c5b2e7d227e43fba9f47
  RecaptchaInterop: 11e0b637842dfb48308d242afc3f448062325aba

PODFILE CHECKSUM: f9685ea8eff0eceb3e7dfd069af47951b7d9c63e

COCOAPODS: 1.16.2
